hash: 478c3e6140f14965d6d40e2d4ffad3ab5b7c0afd5d1cd8a1af9c06cb98c5d93b
updated: 2017-03-22T14:50:49.65998369-06:00
imports:
- name: github.com/minio/minio-go
  version: dcaae9ec4d0b0a81d17f22f6d7a186491f6a55ec
  subpackages:
  - pkg/policy
  - pkg/s3signer
  - pkg/s3utils
  - pkg/set
testImports: []
